
Microsoft Visual Studio Solution File, Format Version 12.00
# Visual Studio Version 17
VisualStudioVersion = 17.1.32210.238
MinimumVisualStudioVersion = 10.0.40219.1
Project("{FAE04EC0-301F-11D3-BF4B-00C04F79EFBC}") = "LinqToStart", "LinqToStart\LinqToStart.csproj", "{4B8D8922-F659-4D2A-975C-22503127D14C}"
EndProject
Global
	GlobalSection(SolutionConfigurationPlatforms) = preSolution
		Debug|Any CPU = Debug|Any CPU
		Release|Any CPU = Release|Any CPU
	EndGlobalSection
	GlobalSection(ProjectConfigurationPlatforms) = postSolution
		{4B8D8922-F659-4D2A-975C-22503127D14C}.Debug|Any CPU.ActiveCfg = Debug|Any CPU
		{4B8D8922-F659-4D2A-975C-22503127D14C}.Debug|Any CPU.Build.0 = Debug|Any CPU
		{4B8D8922-F659-4D2A-975C-22503127D14C}.Release|Any CPU.ActiveCfg = Release|Any CPU
		{4B8D8922-F659-4D2A-975C-22503127D14C}.Release|Any CPU.Build.0 = Release|Any CPU
	EndGlobalSection
	GlobalSection(SolutionProperties) = preSolution
		HideSolutionNode = FALSE
	EndGlobalSection
	GlobalSection(ExtensibilityGlobals) = postSolution
		SolutionGuid = {623614D2-A65C-4C36-8E8B-F1357BAE2A22}
	EndGlobalSection
EndGlobal
